
Microsoft Visual Studio Solution File, Format Version 12.00
# Visual Studio Version 17
VisualStudioVersion = 17.11.35222.181
MinimumVisualStudioVersion = 10.0.40219.1
Project("{FAE04EC0-301F-11D3-BF4B-00C04F79EFBC}") = "aknakereső", "aknakereső\aknakereső.csproj", "{F8065C63-5C72-46A5-A85A-F3F4A92988F3}"
EndProject
Global
	GlobalSection(SolutionConfigurationPlatforms) = preSolution
		Debug|Any CPU = Debug|Any CPU
		Release|Any CPU = Release|Any CPU
	EndGlobalSection
	GlobalSection(ProjectConfigurationPlatforms) = postSolution
		{F8065C63-5C72-46A5-A85A-F3F4A92988F3}.Debug|Any CPU.ActiveCfg = Debug|Any CPU
		{F8065C63-5C72-46A5-A85A-F3F4A92988F3}.Debug|Any CPU.Build.0 = Debug|Any CPU
		{F8065C63-5C72-46A5-A85A-F3F4A92988F3}.Release|Any CPU.ActiveCfg = Release|Any CPU
		{F8065C63-5C72-46A5-A85A-F3F4A92988F3}.Release|Any CPU.Build.0 = Release|Any CPU
	EndGlobalSection
	GlobalSection(SolutionProperties) = preSolution
		HideSolutionNode = FALSE
	EndGlobalSection
	GlobalSection(ExtensibilityGlobals) = postSolution
		SolutionGuid = {1EECAF5F-AB26-4E84-81D5-AA4E93032185}
	EndGlobalSection
EndGlobal
